
Microsoft Visual Studio Solution File, Format Version 10.00
# Visual C# Express 2008
Project("{FAE04EC0-301F-11D3-BF4B-00C04F79EFBC}") = "TripleA Game Creator", "TripleA Game Creator\TripleA Game Creator.csproj", "{0207DA4A-FF8C-4D39-A8CC-63023788EA6F}"
EndProject
Global
	GlobalSection(SolutionConfigurationPlatforms) = preSolution
		Debug|Any CPU = Debug|Any CPU
		Release|Any CPU = Release|Any CPU
	EndGlobalSection
	GlobalSection(ProjectConfigurationPlatforms) = postSolution
		{0207DA4A-FF8C-4D39-A8CC-63023788EA6F}.Debug|Any CPU.ActiveCfg = Debug|Any CPU
		{0207DA4A-FF8C-4D39-A8CC-63023788EA6F}.Debug|Any CPU.Build.0 = Debug|Any CPU
		{0207DA4A-FF8C-4D39-A8CC-63023788EA6F}.Release|Any CPU.ActiveCfg = Release|Any CPU
		{0207DA4A-FF8C-4D39-A8CC-63023788EA6F}.Release|Any CPU.Build.0 = Release|Any CPU
	EndGlobalSection
	GlobalSection(SolutionProperties) = preSolution
		HideSolutionNode = FALSE
	EndGlobalSection
EndGlobal
